
Microsoft Visual Studio Solution File, Format Version 12.00
# Visual Studio 15
VisualStudioVersion = 15.0.27130.2010
MinimumVisualStudioVersion = 10.0.40219.1
Project("{FAE04EC0-301F-11D3-BF4B-00C04F79EFBC}") = "RemoveUnusedCodeVSPackage", "RemoveUnusedCodeVSPackage.csproj", "{0101A5FA-07FE-46A6-87EC-DD2449E5F680}"
EndProject
Global
	GlobalSection(SolutionConfigurationPlatforms) = preSolution
		Debug|Any CPU = Debug|Any CPU
		Release|Any CPU = Release|Any CPU
	EndGlobalSection
	GlobalSection(ProjectConfigurationPlatforms) = postSolution
		{0101A5FA-07FE-46A6-87EC-DD2449E5F680}.Debug|Any CPU.ActiveCfg = Debug|Any CPU
		{0101A5FA-07FE-46A6-87EC-DD2449E5F680}.Debug|Any CPU.Build.0 = Debug|Any CPU
		{0101A5FA-07FE-46A6-87EC-DD2449E5F680}.Release|Any CPU.ActiveCfg = Release|Any CPU
		{0101A5FA-07FE-46A6-87EC-DD2449E5F680}.Release|Any CPU.Build.0 = Release|Any CPU
	EndGlobalSection
	GlobalSection(SolutionProperties) = preSolution
		HideSolutionNode = FALSE
	EndGlobalSection
	GlobalSection(ExtensibilityGlobals) = postSolution
		SolutionGuid = {BE26F8CA-139B-4209-912B-FE024A1FA4F2}
	EndGlobalSection
EndGlobal
